
Microsoft Visual Studio Solution File, Format Version 12.00
# Visual Studio Version 17
VisualStudioVersion = 17.10.35013.160
MinimumVisualStudioVersion = 10.0.40219.1
Project("{FAE04EC0-301F-11D3-BF4B-00C04F79EFBC}") = "thread4IG", "thread4IG\thread4IG.csproj", "{01985007-925D-4176-9CDE-B1EBC900FC94}"
EndProject
Global
	GlobalSection(SolutionConfigurationPlatforms) = preSolution
		Debug|Any CPU = Debug|Any CPU
		Release|Any CPU = Release|Any CPU
	EndGlobalSection
	GlobalSection(ProjectConfigurationPlatforms) = postSolution
		{01985007-925D-4176-9CDE-B1EBC900FC94}.Debug|Any CPU.ActiveCfg = Debug|Any CPU
		{01985007-925D-4176-9CDE-B1EBC900FC94}.Debug|Any CPU.Build.0 = Debug|Any CPU
		{01985007-925D-4176-9CDE-B1EBC900FC94}.Release|Any CPU.ActiveCfg = Release|Any CPU
		{01985007-925D-4176-9CDE-B1EBC900FC94}.Release|Any CPU.Build.0 = Release|Any CPU
	EndGlobalSection
	GlobalSection(SolutionProperties) = preSolution
		HideSolutionNode = FALSE
	EndGlobalSection
	GlobalSection(ExtensibilityGlobals) = postSolution
		SolutionGuid = {EFD88055-94AC-4A12-8BA9-99660403B394}
	EndGlobalSection
EndGlobal
